// !$*UTF8*$!
{
	archiveVersion = 1;
	classes = {
	};
	objectVersion = 46;
	objects = {

/* Begin PBXBuildFile section */
		515BB9E519C430B9002A7F24 /* AppDelegate.swift in Sources */ = {isa = PBXBuildFile; fileRef = 515BB9E419C430B9002A7F24 /* AppDelegate.swift */; };
		515BB9E719C430B9002A7F24 /* ViewController.swift in Sources */ = {isa = PBXBuildFile; fileRef = 515BB9E619C430B9002A7F24 /* ViewController.swift */; };
		515BB9EA19C430B9002A7F24 /* Main.storyboard in Resources */ = {isa = PBXBuildFile; fileRef = 515BB9E819C430B9002A7F24 /* Main.storyboard */; };
		515BB9EC19C430B9002A7F24 /* Images.xcassets in Resources */ = {isa = PBXBuildFile; fileRef = 515BB9EB19C430B9002A7F24 /* Images.xcassets */; };
		515BB9EF19C430B9002A7F24 /* LaunchScreen.xib in Resources */ = {isa = PBXBuildFile; fileRef = 515BB9ED19C430B9002A7F24 /* LaunchScreen.xib */; };
		515BB9FB19C430B9002A7F24 /* PostcardTests.swift in Sources */ = {isa = PBXBuildFile; fileRef = 515BB9FA19C430B9002A7F24 /* PostcardTests.swift */; };
		515BBA0519C437FC002A7F24 /* SagradaFamilia.jpeg in Resources */ = {isa = PBXBuildFile; fileRef = 515BBA0419C437FC002A7F24 /* SagradaFamilia.jpeg */; };
		515BBA0719C43ABF002A7F24 /* AlbertEinsteinStamp.jpg in Resources */ = {isa = PBXBuildFile; fileRef = 515BBA0619C43ABF002A7F24 /* AlbertEinsteinStamp.jpg */; };
/* End PBXBuildFile section */

/* Begin PBXContainerItemProxy section */
		515BB9F519C430B9002A7F24 /* PBXContainerItemProxy */ = {
			isa = PBXContainerItemProxy;
			containerPortal = 515BB9D719C430B9002A7F24 /* Project object */;
			proxyType = 1;
			remoteGlobalIDString = 515BB9DE19C430B9002A7F24;
			remoteInfo = Postcard;
		};
/* End PBXContainerItemProxy section */

/* Begin PBXFileReference section */
		515BB9DF19C430B9002A7F24 /* Postcard.app */ = {isa = PBXFileReference; explicitFileType = wrapper.application; includeInIndex = 0; path = Postcard.app; sourceTree = BUILT_PRODUCTS_DIR; };
		515BB9E319C430B9002A7F24 /* Info.plist */ = {isa = PBXFileReference; lastKnownFileType = text.plist.xml; path = Info.plist; sourceTree = "<group>"; };
		515BB9E419C430B9002A7F24 /* AppDelegate.swift */ = {isa = PBXFileReference; lastKnownFileType = sourcecode.swift; path = AppDelegate.swift; sourceTree = "<group>"; };
		515BB9E619C430B9002A7F24 /* ViewController.swift */ = {isa = PBXFileReference; lastKnownFileType = sourcecode.swift; path = ViewController.swift; sourceTree = "<group>"; };
		515BB9E919C430B9002A7F24 /* Base */ = {isa = PBXFileReference; lastKnownFileType = file.storyboard; name = Base; path = Base.lproj/Main.storyboard; sourceTree = "<group>"; };
		515BB9EB19C430B9002A7F24 /* Images.xcassets */ = {isa = PBXFileReference; lastKnownFileType = folder.assetcatalog; path = Images.xcassets; sourceTree = "<group>"; };
		515BB9EE19C430B9002A7F24 /* Base */ = {isa = PBXFileReference; lastKnownFileType = file.xib; name = Base; path = Base.lproj/LaunchScreen.xib; sourceTree = "<group>"; };
		515BB9F419C430B9002A7F24 /* PostcardTests.xctest */ = {isa = PBXFileReference; explicitFileType = wrapper.cfbundle; includeInIndex = 0; path = PostcardTests.xctest; sourceTree = BUILT_PRODUCTS_DIR; };
		515BB9F919C430B9002A7F24 /* Info.plist */ = {isa = PBXFileReference; lastKnownFileType = text.plist.xml; path = Info.plist; sourceTree = "<group>"; };
		515BB9FA19C430B9002A7F24 /* PostcardTests.swift */ = {isa = PBXFileReference; lastKnownFileType = sourcecode.swift; path = PostcardTests.swift; sourceTree = "<group>"; };
		515BBA0419C437FC002A7F24 /* SagradaFamilia.jpeg */ = {isa = PBXFileReference; lastKnownFileType = image.jpeg; path = SagradaFamilia.jpeg; sourceTree = "<group>"; };
		515BBA0619C43ABF002A7F24 /* AlbertEinsteinStamp.jpg */ = {isa = PBXFileReference; lastKnownFileType = image.jpeg; path = AlbertEinsteinStamp.jpg; sourceTree = "<group>"; };
/* End PBXFileReference section */

/* Begin PBXFrameworksBuildPhase section */
		515BB9DC19C430B9002A7F24 /* Frameworks */ = {
			isa = PBXFrameworksBuildPhase;
			buildActionMask = 2147483647;
			files = (
			);
			runOnlyForDeploymentPostprocessing = 0;
		};
		515BB9F119C430B9002A7F24 /* Frameworks */ = {
			isa = PBXFrameworksBuildPhase;
			buildActionMask = 2147483647;
			files = (
			);
			runOnlyForDeploymentPostprocessing = 0;
		};
/* End PBXFrameworksBuildPhase section */

/* Begin PBXGroup section */
		515BB9D619C430B9002A7F24 = {
			isa = PBXGroup;
			children = (
				515BB9E119C430B9002A7F24 /* Postcard */,
				515BB9F719C430B9002A7F24 /* PostcardTests */,
				515BB9E019C430B9002A7F24 /* Products */,
			);
			sourceTree = "<group>";
		};
		515BB9E019C430B9002A7F24 /* Products */ = {
			isa = PBXGroup;
			children = (
				515BB9DF19C430B9002A7F24 /* Postcard.app */,
				515BB9F419C430B9002A7F24 /* PostcardTests.xctest */,
			);
			name = Products;
			sourceTree = "<group>";
		};
		515BB9E119C430B9002A7F24 /* Postcard */ = {
			isa = PBXGroup;
			children = (
				515BB9E419C430B9002A7F24 /* AppDelegate.swift */,
				515BB9E619C430B9002A7F24 /* ViewController.swift */,
				515BB9E819C430B9002A7F24 /* Main.storyboard */,
				515BB9EB19C430B9002A7F24 /* Images.xcassets */,
				515BB9ED19C430B9002A7F24 /* LaunchScreen.xib */,
				515BB9E219C430B9002A7F24 /* Supporting Files */,
			);
			path = Postcard;
			sourceTree = "<group>";
		};
		515BB9E219C430B9002A7F24 /* Supporting Files */ = {
			isa = PBXGroup;
			children = (
				515BBA0619C43ABF002A7F24 /* AlbertEinsteinStamp.jpg */,
				515BBA0419C437FC002A7F24 /* SagradaFamilia.jpeg */,
				515BB9E319C430B9002A7F24 /* Info.plist */,
			);
			name = "Supporting Files";
			sourceTree = "<group>";
		};
		515BB9F719C430B9002A7F24 /* PostcardTests */ = {
			isa = PBXGroup;
			children = (
				515BB9FA19C430B9002A7F24 /* PostcardTests.swift */,
				515BB9F819C430B9002A7F24 /* Supporting Files */,
			);
			path = PostcardTests;
			sourceTree = "<group>";
		};
		515BB9F819C430B9002A7F24 /* Supporting Files */ = {
			isa = PBXGroup;
			children = (
				515BB9F919C430B9002A7F24 /* Info.plist */,
			);
			name = "Supporting Files";
			sourceTree = "<group>";
		};
/* End PBXGroup section */

/* Begin PBXNativeTarget section */
		515BB9DE19C430B9002A7F24 /* Postcard */ = {
			isa = PBXNativeTarget;
			buildConfigurationList = 515BB9FE19C430B9002A7F24 /* Build configuration list for PBXNativeTarget "Postcard" */;
			buildPhases = (
				515BB9DB19C430B9002A7F24 /* Sources */,
				515BB9DC19C430B9002A7F24 /* Frameworks */,
				515BB9DD19C430B9002A7F24 /* Resources */,
			);
			buildRules = (
			);
			dependencies = (
			);
			name = Postcard;
			productName = Postcard;
			productReference = 515BB9DF19C430B9002A7F24 /* Postcard.app */;
			productType = "com.apple.product-type.application";
		};
		515BB9F319C430B9002A7F24 /* PostcardTests */ = {
			isa = PBXNativeTarget;
			buildConfigurationList = 515BBA0119C430B9002A7F24 /* Build configuration list for PBXNativeTarget "PostcardTests" */;
			buildPhases = (
				515BB9F019C430B9002A7F24 /* Sources */,
				515BB9F119C430B9002A7F24 /* Frameworks */,
				515BB9F219C430B9002A7F24 /* Resources */,
			);
			buildRules = (
			);
			dependencies = (
				515BB9F619C430B9002A7F24 /* PBXTargetDependency */,
			);
			name = PostcardTests;
			productName = PostcardTests;
			productReference = 515BB9F419C430B9002A7F24 /* PostcardTests.xctest */;
			productType = "com.apple.product-type.bundle.unit-test";
		};
/* End PBXNativeTarget section */

/* Begin PBXProject section */
		515BB9D719C430B9002A7F24 /* Project object */ = {
			isa = PBXProject;
			attributes = {
				LastUpgradeCheck = 0600;
				ORGANIZATIONNAME = "Mehmet Alkim Akat";
				TargetAttributes = {
					515BB9DE19C430B9002A7F24 = {
						CreatedOnToolsVersion = 6.0;
					};
					515BB9F319C430B9002A7F24 = {
						CreatedOnToolsVersion = 6.0;
						TestTargetID = 515BB9DE19C430B9002A7F24;
					};
				};
			};
			buildConfigurationList = 515BB9DA19C430B9002A7F24 /* Build configuration list for PBXProject "Postcard" */;
			compatibilityVersion = "Xcode 3.2";
			developmentRegion = English;
			hasScannedForEncodings = 0;
			knownRegions = (
				en,
				Base,
			);
			mainGroup = 515BB9D619C430B9002A7F24;
			productRefGroup = 515BB9E019C430B9002A7F24 /* Products */;
			projectDirPath = "";
			projectRoot = "";
			targets = (
				515BB9DE19C430B9002A7F24 /* Postcard */,
				515BB9F319C430B9002A7F24 /* PostcardTests */,
			);
		};
/* End PBXProject section */

/* Begin PBXResourcesBuildPhase section */
		515BB9DD19C430B9002A7F24 /* Resources */ = {
			isa = PBXResourcesBuildPhase;
			buildActionMask = 2147483647;
			files = (
				515BB9EA19C430B9002A7F24 /* Main.storyboard in Resources */,
				515BBA0519C437FC002A7F24 /* SagradaFamilia.jpeg in Resources */,
				515BBA0719C43ABF002A7F24 /* AlbertEinsteinStamp.jpg in Resources */,
				515BB9EF19C430B9002A7F24 /* LaunchScreen.xib in Resources */,
				515BB9EC19C430B9002A7F24 /* Images.xcassets in Resources */,
			);
			runOnlyForDeploymentPostprocessing = 0;
		};
		515BB9F219C430B9002A7F24 /* Resources */ = {
			isa = PBXResourcesBuildPhase;
			buildActionMask = 2147483647;
			files = (
			);
			runOnlyForDeploymentPostprocessing = 0;
		};
/* End PBXResourcesBuildPhase section */

/* Begin PBXSourcesBuildPhase section */
		515BB9DB19C430B9002A7F24 /* Sources */ = {
			isa = PBXSourcesBuildPhase;
			buildActionMask = 2147483647;
			files = (
				515BB9E719C430B9002A7F24 /* ViewController.swift in Sources */,
				515BB9E519C430B9002A7F24 /* AppDelegate.swift in Sources */,
			);
			runOnlyForDeploymentPostprocessing = 0;
		};
		515BB9F019C430B9002A7F24 /* Sources */ = {
			isa = PBXSourcesBuildPhase;
			buildActionMask = 2147483647;
			files = (
				515BB9FB19C430B9002A7F24 /* PostcardTests.swift in Sources */,
			);
			runOnlyForDeploymentPostprocessing = 0;
		};
/* End PBXSourcesBuildPhase section */

/* Begin PBXTargetDependency section */
		515BB9F619C430B9002A7F24 /* PBXTargetDependency */ = {
			isa = PBXTargetDependency;
			target = 515BB9DE19C430B9002A7F24 /* Postcard */;
			targetProxy = 515BB9F519C430B9002A7F24 /* PBXContainerItemProxy */;
		};
/* End PBXTargetDependency section */

/* Begin PBXVariantGroup section */
		515BB9E819C430B9002A7F24 /* Main.storyboard */ = {
			isa = PBXVariantGroup;
			children = (
				515BB9E919C430B9002A7F24 /* Base */,
			);
			name = Main.storyboard;
			sourceTree = "<group>";
		};
		515BB9ED19C430B9002A7F24 /* LaunchScreen.xib */ = {
			isa = PBXVariantGroup;
			children = (
				515BB9EE19C430B9002A7F24 /* Base */,
			);
			name = LaunchScreen.xib;
			sourceTree = "<group>";
		};
/* End PBXVariantGroup section */

/* Begin XCBuildConfiguration section */
		515BB9FC19C430B9002A7F24 /* Debug */ = {
			isa = XCBuildConfiguration;
			buildSettings = {
				ALWAYS_SEARCH_USER_PATHS = NO;
				CLANG_CXX_LANGUAGE_STANDARD = "gnu++0x";
				CLANG_CXX_LIBRARY = "libc++";
				CLANG_ENABLE_MODULES = YES;
				CLANG_ENABLE_OBJC_ARC = YES;
				CLANG_WARN_BOOL_CONVERSION = YES;
				CLANG_WARN_CONSTANT_CONVERSION = YES;
				CLANG_WARN_DIRECT_OBJC_ISA_USAGE = YES_ERROR;
				CLANG_WARN_EMPTY_BODY = YES;
				CLANG_WARN_ENUM_CONVERSION = YES;
				CLANG_WARN_INT_CONVERSION = YES;
				CLANG_WARN_OBJC_ROOT_CLASS = YES_ERROR;
				CLANG_WARN_UNREACHABLE_CODE = YES;
				CLANG_WARN__DUPLICATE_METHOD_MATCH = YES;
				"CODE_SIGN_IDENTITY[sdk=iphoneos*]" = "iPhone Developer";
				COPY_PHASE_STRIP = NO;
				ENABLE_STRICT_OBJC_MSGSEND = YES;
				GCC_C_LANGUAGE_STANDARD = gnu99;
				GCC_DYNAMIC_NO_PIC = NO;
				GCC_OPTIMIZATION_LEVEL = 0;
				GCC_PREPROCESSOR_DEFINITIONS = (
					"DEBUG=1",
					"$(inherited)",
				);
				GCC_SYMBOLS_PRIVATE_EXTERN = NO;
				GCC_WARN_64_TO_32_BIT_CONVERSION = YES;
				GCC_WARN_ABOUT_RETURN_TYPE = YES_ERROR;
				GCC_WARN_UNDECLARED_SELECTOR = YES;
				GCC_WARN_UNINITIALIZED_AUTOS = YES_AGGRESSIVE;
				GCC_WARN_UNUSED_FUNCTION = YES;
				GCC_WARN_UNUSED_VARIABLE = YES;
				IPHONEOS_DEPLOYMENT_TARGET = 8.0;
				MTL_ENABLE_DEBUG_INFO = YES;
				ONLY_ACTIVE_ARCH = YES;
				SDKROOT = iphoneos;
				SWIFT_OPTIMIZATION_LEVEL = "-Onone";
			};
			name = Debug;
		};
		515BB9FD19C430B9002A7F24 /* Release */ = {
			isa = XCBuildConfiguration;
			buildSettings = {
				ALWAYS_SEARCH_USER_PATHS = NO;
				CLANG_CXX_LANGUAGE_STANDARD = "gnu++0x";
				CLANG_CXX_LIBRARY = "libc++";
				CLANG_ENABLE_MODULES = YES;
				CLANG_ENABLE_OBJC_ARC = YES;
				CLANG_WARN_BOOL_CONVERSION = YES;
				CLANG_WARN_CONSTANT_CONVERSION = YES;
				CLANG_WARN_DIRECT_OBJC_ISA_USAGE = YES_ERROR;
				CLANG_WARN_EMPTY_BODY = YES;
				CLANG_WARN_ENUM_CONVERSION = YES;
				CLANG_WARN_INT_CONVERSION = YES;
				CLANG_WARN_OBJC_ROOT_CLASS = YES_ERROR;
				CLANG_WARN_UNREACHABLE_CODE = YES;
				CLANG_WARN__DUPLICATE_METHOD_MATCH = YES;
				"CODE_SIGN_IDENTITY[sdk=iphoneos*]" = "iPhone Developer";
				COPY_PHASE_STRIP = YES;
				ENABLE_NS_ASSERTIONS = NO;
				ENABLE_STRICT_OBJC_MSGSEND = YES;
				GCC_C_LANGUAGE_STANDARD = gnu99;
				GCC_WARN_64_TO_32_BIT_CONVERSION = YES;
				GCC_WARN_ABOUT_RETURN_TYPE = YES_ERROR;
				GCC_WARN_UNDECLARED_SELECTOR = YES;
				GCC_WARN_UNINITIALIZED_AUTOS = YES_AGGRESSIVE;
				GCC_WARN_UNUSED_FUNCTION = YES;
				GCC_WARN_UNUSED_VARIABLE = YES;
				IPHONEOS_DEPLOYMENT_TARGET = 8.0;
				MTL_ENABLE_DEBUG_INFO = NO;
				SDKROOT = iphoneos;
				VALIDATE_PRODUCT = YES;
			};
			name = Release;
		};
		515BB9FF19C430B9002A7F24 /* Debug */ = {
			isa = XCBuildConfiguration;
			buildSettings = {
				ASSETCATALOG_COMPILER_APPICON_NAME = AppIcon;
				INFOPLIST_FILE = Postcard/Info.plist;
				LD_RUNPATH_SEARCH_PATHS = "$(inherited) @executable_path/Frameworks";
				PRODUCT_NAME = "$(TARGET_NAME)";
			};
			name = Debug;
		};
		515BBA0019C430B9002A7F24 /* Release */ = {
			isa = XCBuildConfiguration;
			buildSettings = {
				ASSETCATALOG_COMPILER_APPICON_NAME = AppIcon;
				INFOPLIST_FILE = Postcard/Info.plist;
				LD_RUNPATH_SEARCH_PATHS = "$(inherited) @executable_path/Frameworks";
				PRODUCT_NAME = "$(TARGET_NAME)";
			};
			name = Release;
		};
		515BBA0219C430B9002A7F24 /* Debug */ = {
			isa = XCBuildConfiguration;
			buildSettings = {
				BUNDLE_LOADER = "$(TEST_HOST)";
				FRAMEWORK_SEARCH_PATHS = (
					"$(SDKROOT)/Developer/Library/Frameworks",
					"$(inherited)",
				);
				GCC_PREPROCESSOR_DEFINITIONS = (
					"DEBUG=1",
					"$(inherited)",
				);
				INFOPLIST_FILE = PostcardTests/Info.plist;
				LD_RUNPATH_SEARCH_PATHS = "$(inherited) @executable_path/Frameworks @loader_path/Frameworks";
				PRODUCT_NAME = "$(TARGET_NAME)";
				TEST_HOST = "$(BUILT_PRODUCTS_DIR)/Postcard.app/Postcard";
			};
			name = Debug;
		};
		515BBA0319C430B9002A7F24 /* Release */ = {
			isa = XCBuildConfiguration;
			buildSettings = {
				BUNDLE_LOADER = "$(TEST_HOST)";
				FRAMEWORK_SEARCH_PATHS = (
					"$(SDKROOT)/Developer/Library/Frameworks",
					"$(inherited)",
				);
				INFOPLIST_FILE = PostcardTests/Info.plist;
				LD_RUNPATH_SEARCH_PATHS = "$(inherited) @executable_path/Frameworks @loader_path/Frameworks";
				PRODUCT_NAME = "$(TARGET_NAME)";
				TEST_HOST = "$(BUILT_PRODUCTS_DIR)/Postcard.app/Postcard";
			};
			name = Release;
		};
/* End XCBuildConfiguration section */

/* Begin XCConfigurationList section */
		515BB9DA19C430B9002A7F24 /* Build configuration list for PBXProject "Postcard" */ = {
			isa = XCConfigurationList;
			buildConfigurations = (
				515BB9FC19C430B9002A7F24 /* Debug */,
				515BB9FD19C430B9002A7F24 /* Release */,
			);
			defaultConfigurationIsVisible = 0;
			defaultConfigurationName = Release;
		};
		515BB9FE19C430B9002A7F24 /* Build configuration list for PBXNativeTarget "Postcard" */ = {
			isa = XCConfigurationList;
			buildConfigurations = (
				515BB9FF19C430B9002A7F24 /* Debug */,
				515BBA0019C430B9002A7F24 /* Release */,
			);
			defaultConfigurationIsVisible = 0;
		};
		515BBA0119C430B9002A7F24 /* Build configuration list for PBXNativeTarget "PostcardTests" */ = {
			isa = XCConfigurationList;
			buildConfigurations = (
				515BBA0219C430B9002A7F24 /* Debug */,
				515BBA0319C430B9002A7F24 /* Release */,
			);
			defaultConfigurationIsVisible = 0;
		};
/* End XCConfigurationList section */
	};
	rootObject = 515BB9D719C430B9002A7F24 /* Project object */;
}
